
Microsoft Visual Studio Solution File, Format Version 12.00
# Visual Studio 15
VisualStudioVersion = 15.0.28307.421
MinimumVisualStudioVersion = 10.0.40219.1
Project("{FAE04EC0-301F-11D3-BF4B-00C04F79EFBC}") = "Asp.Net_Core_DZ-01_PetitionSite", "Asp.Net_Core_DZ-01_PetitionSite\Asp.Net_Core_DZ-01_PetitionSite.csproj", "{8CE5A69E-22CC-44D9-BB26-CFC661EBA1F4}"
EndProject
Global
	GlobalSection(SolutionConfigurationPlatforms) = preSolution
		Debug|Any CPU = Debug|Any CPU
		Release|Any CPU = Release|Any CPU
	EndGlobalSection
	GlobalSection(ProjectConfigurationPlatforms) = postSolution
		{8CE5A69E-22CC-44D9-BB26-CFC661EBA1F4}.Debug|Any CPU.ActiveCfg = Debug|Any CPU
		{8CE5A69E-22CC-44D9-BB26-CFC661EBA1F4}.Debug|Any CPU.Build.0 = Debug|Any CPU
		{8CE5A69E-22CC-44D9-BB26-CFC661EBA1F4}.Release|Any CPU.ActiveCfg = Release|Any CPU
		{8CE5A69E-22CC-44D9-BB26-CFC661EBA1F4}.Release|Any CPU.Build.0 = Release|Any CPU
	EndGlobalSection
	GlobalSection(SolutionProperties) = preSolution
		HideSolutionNode = FALSE
	EndGlobalSection
	GlobalSection(ExtensibilityGlobals) = postSolution
		SolutionGuid = {7A98B159-933E-4739-81E6-09239F4F6F31}
	EndGlobalSection
EndGlobal
